// !$*UTF8*$!
{
	archiveVersion = 1;
	classes = {
	};
	objectVersion = 55;
	objects = {

/* Begin PBXBuildFile section */
		3FCDC16F26FC64D900C07AE2 /* GameForFourApp.swift in Sources */ = {isa = PBXBuildFile; fileRef = 3FCDC16E26FC64D900C07AE2 /* GameForFourApp.swift */; };
		3FCDC17126FC64D900C07AE2 /* ContentView.swift in Sources */ = {isa = PBXBuildFile; fileRef = 3FCDC17026FC64D900C07AE2 /* ContentView.swift */; };
		3FCDC17326FC64DB00C07AE2 /* Assets.xcassets in Resources */ = {isa = PBXBuildFile; fileRef = 3FCDC17226FC64DB00C07AE2 /* Assets.xcassets */; };
		3FCDC17626FC64DB00C07AE2 /* Preview Assets.xcassets in Resources */ = {isa = PBXBuildFile; fileRef = 3FCDC17526FC64DB00C07AE2 /* Preview Assets.xcassets */; };
		3FCDC18326FC68B000C07AE2 /* NetworkService.swift in Sources */ = {isa = PBXBuildFile; fileRef = 3FCDC18226FC68B000C07AE2 /* NetworkService.swift */; };
		3FCDC18526FC68C400C07AE2 /* Repository.swift in Sources */ = {isa = PBXBuildFile; fileRef = 3FCDC18426FC68C400C07AE2 /* Repository.swift */; };
		3FCDC18726FC696800C07AE2 /* ViewModel.swift in Sources */ = {isa = PBXBuildFile; fileRef = 3FCDC18626FC696800C07AE2 /* ViewModel.swift */; };
		3FCDC18926FC6A0D00C07AE2 /* LoginView.swift in Sources */ = {isa = PBXBuildFile; fileRef = 3FCDC18826FC6A0D00C07AE2 /* LoginView.swift */; };
		3FCDC18B26FC6CD800C07AE2 /* ViewSelector.swift in Sources */ = {isa = PBXBuildFile; fileRef = 3FCDC18A26FC6CD800C07AE2 /* ViewSelector.swift */; };
		3FCDC18D26FC6E2800C07AE2 /* LoginResponseData.swift in Sources */ = {isa = PBXBuildFile; fileRef = 3FCDC18C26FC6E2800C07AE2 /* LoginResponseData.swift */; };
		3FCDC19126FC72A000C07AE2 /* ConectData.swift in Sources */ = {isa = PBXBuildFile; fileRef = 3FCDC19026FC72A000C07AE2 /* ConectData.swift */; };
		3FCDC19926FCA01A00C07AE2 /* MainGameView.swift in Sources */ = {isa = PBXBuildFile; fileRef = 3FCDC19826FCA01A00C07AE2 /* MainGameView.swift */; };
/* End PBXBuildFile section */

/* Begin PBXFileReference section */
		3FCDC16B26FC64D900C07AE2 /* GameForFour.app */ = {isa = PBXFileReference; explicitFileType = wrapper.application; includeInIndex = 0; path = GameForFour.app; sourceTree = BUILT_PRODUCTS_DIR; };
		3FCDC16E26FC64D900C07AE2 /* GameForFourApp.swift */ = {isa = PBXFileReference; lastKnownFileType = sourcecode.swift; path = GameForFourApp.swift; sourceTree = "<group>"; };
		3FCDC17026FC64D900C07AE2 /* ContentView.swift */ = {isa = PBXFileReference; lastKnownFileType = sourcecode.swift; path = ContentView.swift; sourceTree = "<group>"; };
		3FCDC17226FC64DB00C07AE2 /* Assets.xcassets */ = {isa = PBXFileReference; lastKnownFileType = folder.assetcatalog; path = Assets.xcassets; sourceTree = "<group>"; };
		3FCDC17526FC64DB00C07AE2 /* Preview Assets.xcassets */ = {isa = PBXFileReference; lastKnownFileType = folder.assetcatalog; path = "Preview Assets.xcassets"; sourceTree = "<group>"; };
		3FCDC18226FC68B000C07AE2 /* NetworkService.swift */ = {isa = PBXFileReference; fileEncoding = 4; lastKnownFileType = sourcecode.swift; path = NetworkService.swift; sourceTree = "<group>"; };
		3FCDC18426FC68C400C07AE2 /* Repository.swift */ = {isa = PBXFileReference; fileEncoding = 4; lastKnownFileType = sourcecode.swift; path = Repository.swift; sourceTree = "<group>"; };
		3FCDC18626FC696800C07AE2 /* ViewModel.swift */ = {isa = PBXFileReference; fileEncoding = 4; lastKnownFileType = sourcecode.swift; path = ViewModel.swift; sourceTree = "<group>"; };
		3FCDC18826FC6A0D00C07AE2 /* LoginView.swift */ = {isa = PBXFileReference; fileEncoding = 4; lastKnownFileType = sourcecode.swift; path = LoginView.swift; sourceTree = "<group>"; };
		3FCDC18A26FC6CD800C07AE2 /* ViewSelector.swift */ = {isa = PBXFileReference; fileEncoding = 4; lastKnownFileType = sourcecode.swift; path = ViewSelector.swift; sourceTree = "<group>"; };
		3FCDC18C26FC6E2800C07AE2 /* LoginResponseData.swift */ = {isa = PBXFileReference; fileEncoding = 4; lastKnownFileType = sourcecode.swift; path = LoginResponseData.swift; sourceTree = "<group>"; };
		3FCDC19026FC72A000C07AE2 /* ConectData.swift */ = {isa = PBXFileReference; fileEncoding = 4; lastKnownFileType = sourcecode.swift; path = ConectData.swift; sourceTree = "<group>"; };
		3FCDC19426FC743D00C07AE2 /* Info.plist */ = {isa = PBXFileReference; lastKnownFileType = text.plist; path = Info.plist; sourceTree = "<group>"; };
		3FCDC19826FCA01A00C07AE2 /* MainGameView.swift */ = {isa = PBXFileReference; lastKnownFileType = sourcecode.swift; path = MainGameView.swift; sourceTree = "<group>"; };
/* End PBXFileReference section */

/* Begin PBXFrameworksBuildPhase section */
		3FCDC16826FC64D900C07AE2 /* Frameworks */ = {
			isa = PBXFrameworksBuildPhase;
			buildActionMask = 2147483647;
			files = (
			);
			runOnlyForDeploymentPostprocessing = 0;
		};
/* End PBXFrameworksBuildPhase section */

/* Begin PBXGroup section */
		3FCDC16226FC64D900C07AE2 = {
			isa = PBXGroup;
			children = (
				3FCDC16D26FC64D900C07AE2 /* GameForFour */,
				3FCDC16C26FC64D900C07AE2 /* Products */,
			);
			sourceTree = "<group>";
		};
		3FCDC16C26FC64D900C07AE2 /* Products */ = {
			isa = PBXGroup;
			children = (
				3FCDC16B26FC64D900C07AE2 /* GameForFour.app */,
			);
			name = Products;
			sourceTree = "<group>";
		};
		3FCDC16D26FC64D900C07AE2 /* GameForFour */ = {
			isa = PBXGroup;
			children = (
				3FCDC19426FC743D00C07AE2 /* Info.plist */,
				3FCDC16E26FC64D900C07AE2 /* GameForFourApp.swift */,
				3FCDC17226FC64DB00C07AE2 /* Assets.xcassets */,
				3FCDC18026FC682400C07AE2 /* IgnoreData */,
				3FCDC18126FC684400C07AE2 /* Tools */,
				3FCDC17F26FC681B00C07AE2 /* Models */,
				3FCDC17E26FC681000C07AE2 /* Repository */,
				3FCDC17D26FC680700C07AE2 /* ViewModel */,
				3FCDC17C26FC67FF00C07AE2 /* Views */,
				3FCDC17426FC64DB00C07AE2 /* Preview Content */,
			);
			path = GameForFour;
			sourceTree = "<group>";
		};
		3FCDC17426FC64DB00C07AE2 /* Preview Content */ = {
			isa = PBXGroup;
			children = (
				3FCDC17526FC64DB00C07AE2 /* Preview Assets.xcassets */,
			);
			path = "Preview Content";
			sourceTree = "<group>";
		};
		3FCDC17C26FC67FF00C07AE2 /* Views */ = {
			isa = PBXGroup;
			children = (
				3FCDC17026FC64D900C07AE2 /* ContentView.swift */,
				3FCDC18826FC6A0D00C07AE2 /* LoginView.swift */,
				3FCDC19826FCA01A00C07AE2 /* MainGameView.swift */,
			);
			path = Views;
			sourceTree = "<group>";
		};
		3FCDC17D26FC680700C07AE2 /* ViewModel */ = {
			isa = PBXGroup;
			children = (
				3FCDC18626FC696800C07AE2 /* ViewModel.swift */,
			);
			path = ViewModel;
			sourceTree = "<group>";
		};
		3FCDC17E26FC681000C07AE2 /* Repository */ = {
			isa = PBXGroup;
			children = (
				3FCDC18426FC68C400C07AE2 /* Repository.swift */,
				3FCDC18226FC68B000C07AE2 /* NetworkService.swift */,
			);
			path = Repository;
			sourceTree = "<group>";
		};
		3FCDC17F26FC681B00C07AE2 /* Models */ = {
			isa = PBXGroup;
			children = (
				3FCDC19A26FCBD1600C07AE2 /* Selectors */,
				3FCDC19526FC7BBA00C07AE2 /* Responses */,
			);
			path = Models;
			sourceTree = "<group>";
		};
		3FCDC18026FC682400C07AE2 /* IgnoreData */ = {
			isa = PBXGroup;
			children = (
				3FCDC19026FC72A000C07AE2 /* ConectData.swift */,
			);
			path = IgnoreData;
			sourceTree = "<group>";
		};
		3FCDC18126FC684400C07AE2 /* Tools */ = {
			isa = PBXGroup;
			children = (
			);
			path = Tools;
			sourceTree = "<group>";
		};
		3FCDC19526FC7BBA00C07AE2 /* Responses */ = {
			isa = PBXGroup;
			children = (
				3FCDC18C26FC6E2800C07AE2 /* LoginResponseData.swift */,
			);
			path = Responses;
			sourceTree = "<group>";
		};
		3FCDC19A26FCBD1600C07AE2 /* Selectors */ = {
			isa = PBXGroup;
			children = (
				3FCDC18A26FC6CD800C07AE2 /* ViewSelector.swift */,
			);
			path = Selectors;
			sourceTree = "<group>";
		};
/* End PBXGroup section */

/* Begin PBXNativeTarget section */
		3FCDC16A26FC64D900C07AE2 /* GameForFour */ = {
			isa = PBXNativeTarget;
			buildConfigurationList = 3FCDC17926FC64DB00C07AE2 /* Build configuration list for PBXNativeTarget "GameForFour" */;
			buildPhases = (
				3FCDC16726FC64D900C07AE2 /* Sources */,
				3FCDC16826FC64D900C07AE2 /* Frameworks */,
				3FCDC16926FC64D900C07AE2 /* Resources */,
			);
			buildRules = (
			);
			dependencies = (
			);
			name = GameForFour;
			productName = GameForFour;
			productReference = 3FCDC16B26FC64D900C07AE2 /* GameForFour.app */;
			productType = "com.apple.product-type.application";
		};
/* End PBXNativeTarget section */

/* Begin PBXProject section */
		3FCDC16326FC64D900C07AE2 /* Project object */ = {
			isa = PBXProject;
			attributes = {
				BuildIndependentTargetsInParallel = 1;
				LastSwiftUpdateCheck = 1300;
				LastUpgradeCheck = 1300;
				TargetAttributes = {
					3FCDC16A26FC64D900C07AE2 = {
						CreatedOnToolsVersion = 13.0;
					};
				};
			};
			buildConfigurationList = 3FCDC16626FC64D900C07AE2 /* Build configuration list for PBXProject "GameForFour" */;
			compatibilityVersion = "Xcode 13.0";
			developmentRegion = en;
			hasScannedForEncodings = 0;
			knownRegions = (
				en,
				Base,
			);
			mainGroup = 3FCDC16226FC64D900C07AE2;
			productRefGroup = 3FCDC16C26FC64D900C07AE2 /* Products */;
			projectDirPath = "";
			projectRoot = "";
			targets = (
				3FCDC16A26FC64D900C07AE2 /* GameForFour */,
			);
		};
/* End PBXProject section */

/* Begin PBXResourcesBuildPhase section */
		3FCDC16926FC64D900C07AE2 /* Resources */ = {
			isa = PBXResourcesBuildPhase;
			buildActionMask = 2147483647;
			files = (
				3FCDC17626FC64DB00C07AE2 /* Preview Assets.xcassets in Resources */,
				3FCDC17326FC64DB00C07AE2 /* Assets.xcassets in Resources */,
			);
			runOnlyForDeploymentPostprocessing = 0;
		};
/* End PBXResourcesBuildPhase section */

/* Begin PBXSourcesBuildPhase section */
		3FCDC16726FC64D900C07AE2 /* Sources */ = {
			isa = PBXSourcesBuildPhase;
			buildActionMask = 2147483647;
			files = (
				3FCDC18926FC6A0D00C07AE2 /* LoginView.swift in Sources */,
				3FCDC19126FC72A000C07AE2 /* ConectData.swift in Sources */,
				3FCDC18726FC696800C07AE2 /* ViewModel.swift in Sources */,
				3FCDC18B26FC6CD800C07AE2 /* ViewSelector.swift in Sources */,
				3FCDC17126FC64D900C07AE2 /* ContentView.swift in Sources */,
				3FCDC18D26FC6E2800C07AE2 /* LoginResponseData.swift in Sources */,
				3FCDC18326FC68B000C07AE2 /* NetworkService.swift in Sources */,
				3FCDC16F26FC64D900C07AE2 /* GameForFourApp.swift in Sources */,
				3FCDC18526FC68C400C07AE2 /* Repository.swift in Sources */,
				3FCDC19926FCA01A00C07AE2 /* MainGameView.swift in Sources */,
			);
			runOnlyForDeploymentPostprocessing = 0;
		};
/* End PBXSourcesBuildPhase section */

/* Begin XCBuildConfiguration section */
		3FCDC17726FC64DB00C07AE2 /* Debug */ = {
			isa = XCBuildConfiguration;
			buildSettings = {
				ALWAYS_SEARCH_USER_PATHS = NO;
				CLANG_ANALYZER_NONNULL = YES;
				CLANG_ANALYZER_NUMBER_OBJECT_CONVERSION = YES_AGGRESSIVE;
				CLANG_CXX_LANGUAGE_STANDARD = "gnu++14";
				CLANG_CXX_LIBRARY = "libc++";
				CLANG_ENABLE_MODULES = YES;
				CLANG_ENABLE_OBJC_ARC = YES;
				CLANG_ENABLE_OBJC_WEAK = YES;
				CLANG_WARN_BLOCK_CAPTURE_AUTORELEASING = YES;
				CLANG_WARN_BOOL_CONVERSION = YES;
				CLANG_WARN_COMMA = YES;
				CLANG_WARN_CONSTANT_CONVERSION = YES;
				CLANG_WARN_DEPRECATED_OBJC_IMPLEMENTATIONS = YES;
				CLANG_WARN_DIRECT_OBJC_ISA_USAGE = YES_ERROR;
				CLANG_WARN_DOCUMENTATION_COMMENTS = YES;
				CLANG_WARN_EMPTY_BODY = YES;
				CLANG_WARN_ENUM_CONVERSION = YES;
				CLANG_WARN_INFINITE_RECURSION = YES;
				CLANG_WARN_INT_CONVERSION = YES;
				CLANG_WARN_NON_LITERAL_NULL_CONVERSION = YES;
				CLANG_WARN_OBJC_IMPLICIT_RETAIN_SELF = YES;
				CLANG_WARN_OBJC_LITERAL_CONVERSION = YES;
				CLANG_WARN_OBJC_ROOT_CLASS = YES_ERROR;
				CLANG_WARN_QUOTED_INCLUDE_IN_FRAMEWORK_HEADER = YES;
				CLANG_WARN_RANGE_LOOP_ANALYSIS = YES;
				CLANG_WARN_STRICT_PROTOTYPES = YES;
				CLANG_WARN_SUSPICIOUS_MOVE = YES;
				CLANG_WARN_UNGUARDED_AVAILABILITY = YES_AGGRESSIVE;
				CLANG_WARN_UNREACHABLE_CODE = YES;
				CLANG_WARN__DUPLICATE_METHOD_MATCH = YES;
				COPY_PHASE_STRIP = NO;
				DEBUG_INFORMATION_FORMAT = dwarf;
				ENABLE_STRICT_OBJC_MSGSEND = YES;
				ENABLE_TESTABILITY = YES;
				GCC_C_LANGUAGE_STANDARD = gnu11;
				GCC_DYNAMIC_NO_PIC = NO;
				GCC_NO_COMMON_BLOCKS = YES;
				GCC_OPTIMIZATION_LEVEL = 0;
				GCC_PREPROCESSOR_DEFINITIONS = (
					"DEBUG=1",
					"$(inherited)",
				);
				GCC_WARN_64_TO_32_BIT_CONVERSION = YES;
				GCC_WARN_ABOUT_RETURN_TYPE = YES_ERROR;
				GCC_WARN_UNDECLARED_SELECTOR = YES;
				GCC_WARN_UNINITIALIZED_AUTOS = YES_AGGRESSIVE;
				GCC_WARN_UNUSED_FUNCTION = YES;
				GCC_WARN_UNUSED_VARIABLE = YES;
				IPHONEOS_DEPLOYMENT_TARGET = 15.0;
				MTL_ENABLE_DEBUG_INFO = INCLUDE_SOURCE;
				MTL_FAST_MATH = YES;
				ONLY_ACTIVE_ARCH = YES;
				SDKROOT = iphoneos;
				SWIFT_ACTIVE_COMPILATION_CONDITIONS = DEBUG;
				SWIFT_OPTIMIZATION_LEVEL = "-Onone";
			};
			name = Debug;
		};
		3FCDC17826FC64DB00C07AE2 /* Release */ = {
			isa = XCBuildConfiguration;
			buildSettings = {
				ALWAYS_SEARCH_USER_PATHS = NO;
				CLANG_ANALYZER_NONNULL = YES;
				CLANG_ANALYZER_NUMBER_OBJECT_CONVERSION = YES_AGGRESSIVE;
				CLANG_CXX_LANGUAGE_STANDARD = "gnu++14";
				CLANG_CXX_LIBRARY = "libc++";
				CLANG_ENABLE_MODULES = YES;
				CLANG_ENABLE_OBJC_ARC = YES;
				CLANG_ENABLE_OBJC_WEAK = YES;
				CLANG_WARN_BLOCK_CAPTURE_AUTORELEASING = YES;
				CLANG_WARN_BOOL_CONVERSION = YES;
				CLANG_WARN_COMMA = YES;
				CLANG_WARN_CONSTANT_CONVERSION = YES;
				CLANG_WARN_DEPRECATED_OBJC_IMPLEMENTATIONS = YES;
				CLANG_WARN_DIRECT_OBJC_ISA_USAGE = YES_ERROR;
				CLANG_WARN_DOCUMENTATION_COMMENTS = YES;
				CLANG_WARN_EMPTY_BODY = YES;
				CLANG_WARN_ENUM_CONVERSION = YES;
				CLANG_WARN_INFINITE_RECURSION = YES;
				CLANG_WARN_INT_CONVERSION = YES;
				CLANG_WARN_NON_LITERAL_NULL_CONVERSION = YES;
				CLANG_WARN_OBJC_IMPLICIT_RETAIN_SELF = YES;
				CLANG_WARN_OBJC_LITERAL_CONVERSION = YES;
				CLANG_WARN_OBJC_ROOT_CLASS = YES_ERROR;
				CLANG_WARN_QUOTED_INCLUDE_IN_FRAMEWORK_HEADER = YES;
				CLANG_WARN_RANGE_LOOP_ANALYSIS = YES;
				CLANG_WARN_STRICT_PROTOTYPES = YES;
				CLANG_WARN_SUSPICIOUS_MOVE = YES;
				CLANG_WARN_UNGUARDED_AVAILABILITY = YES_AGGRESSIVE;
				CLANG_WARN_UNREACHABLE_CODE = YES;
				CLANG_WARN__DUPLICATE_METHOD_MATCH = YES;
				COPY_PHASE_STRIP = NO;
				DEBUG_INFORMATION_FORMAT = "dwarf-with-dsym";
				ENABLE_NS_ASSERTIONS = NO;
				ENABLE_STRICT_OBJC_MSGSEND = YES;
				GCC_C_LANGUAGE_STANDARD = gnu11;
				GCC_NO_COMMON_BLOCKS = YES;
				GCC_WARN_64_TO_32_BIT_CONVERSION = YES;
				GCC_WARN_ABOUT_RETURN_TYPE = YES_ERROR;
				GCC_WARN_UNDECLARED_SELECTOR = YES;
				GCC_WARN_UNINITIALIZED_AUTOS = YES_AGGRESSIVE;
				GCC_WARN_UNUSED_FUNCTION = YES;
				GCC_WARN_UNUSED_VARIABLE = YES;
				IPHONEOS_DEPLOYMENT_TARGET = 15.0;
				MTL_ENABLE_DEBUG_INFO = NO;
				MTL_FAST_MATH = YES;
				SDKROOT = iphoneos;
				SWIFT_COMPILATION_MODE = wholemodule;
				SWIFT_OPTIMIZATION_LEVEL = "-O";
				VALIDATE_PRODUCT = YES;
			};
			name = Release;
		};
		3FCDC17A26FC64DB00C07AE2 /* Debug */ = {
			isa = XCBuildConfiguration;
			buildSettings = {
				ASSETCATALOG_COMPILER_APPICON_NAME = AppIcon;
				ASSETCATALOG_COMPILER_GLOBAL_ACCENT_COLOR_NAME = AccentColor;
				CODE_SIGN_STYLE = Automatic;
				CURRENT_PROJECT_VERSION = 1;
				DEVELOPMENT_ASSET_PATHS = "\"GameForFour/Preview Content\"";
				DEVELOPMENT_TEAM = AD4RURV9JH;
				ENABLE_PREVIEWS = YES;
				GENERATE_INFOPLIST_FILE = YES;
				INFOPLIST_FILE = GameForFour/Info.plist;
				INFOPLIST_KEY_CFBundleExecutable = GameForFour;
				INFOPLIST_KEY_CFBundleName = GameForFour;
				INFOPLIST_KEY_CFBundleVersion = 1;
				INFOPLIST_KEY_UIApplicationSceneManifest_Generation = YES;
				INFOPLIST_KEY_UIApplicationSupportsIndirectInputEvents = YES;
				INFOPLIST_KEY_UILaunchScreen_Generation = YES;
				INFOPLIST_KEY_UISupportedInterfaceOrientations_iPad = "UIInterfaceOrientationPortrait UIInterfaceOrientationPortraitUpsideDown UIInterfaceOrientationLandscapeLeft UIInterfaceOrientationLandscapeRight";
				INFOPLIST_KEY_UISupportedInterfaceOrientations_iPhone = "UIInterfaceOrientationPortrait UIInterfaceOrientationLandscapeLeft UIInterfaceOrientationLandscapeRight";
				IPHONEOS_DEPLOYMENT_TARGET = 14.0;
				LD_RUNPATH_SEARCH_PATHS = (
					"$(inherited)",
					"@executable_path/Frameworks",
				);
				MARKETING_VERSION = 1.0;
				PRODUCT_BUNDLE_IDENTIFIER = com.devtolife.GameForFour;
				PRODUCT_NAME = "$(TARGET_NAME)";
				SWIFT_EMIT_LOC_STRINGS = YES;
				SWIFT_VERSION = 5.0;
				TARGETED_DEVICE_FAMILY = "1,2";
			};
			name = Debug;
		};
		3FCDC17B26FC64DB00C07AE2 /* Release */ = {
			isa = XCBuildConfiguration;
			buildSettings = {
				ASSETCATALOG_COMPILER_APPICON_NAME = AppIcon;
				ASSETCATALOG_COMPILER_GLOBAL_ACCENT_COLOR_NAME = AccentColor;
				CODE_SIGN_STYLE = Automatic;
				CURRENT_PROJECT_VERSION = 1;
				DEVELOPMENT_ASSET_PATHS = "\"GameForFour/Preview Content\"";
				DEVELOPMENT_TEAM = AD4RURV9JH;
				ENABLE_PREVIEWS = YES;
				GENERATE_INFOPLIST_FILE = YES;
				INFOPLIST_FILE = GameForFour/Info.plist;
				INFOPLIST_KEY_CFBundleExecutable = GameForFour;
				INFOPLIST_KEY_CFBundleName = GameForFour;
				INFOPLIST_KEY_CFBundleVersion = 1;
				INFOPLIST_KEY_UIApplicationSceneManifest_Generation = YES;
				INFOPLIST_KEY_UIApplicationSupportsIndirectInputEvents = YES;
				INFOPLIST_KEY_UILaunchScreen_Generation = YES;
				INFOPLIST_KEY_UISupportedInterfaceOrientations_iPad = "UIInterfaceOrientationPortrait UIInterfaceOrientationPortraitUpsideDown UIInterfaceOrientationLandscapeLeft UIInterfaceOrientationLandscapeRight";
				INFOPLIST_KEY_UISupportedInterfaceOrientations_iPhone = "UIInterfaceOrientationPortrait UIInterfaceOrientationLandscapeLeft UIInterfaceOrientationLandscapeRight";
				IPHONEOS_DEPLOYMENT_TARGET = 14.0;
				LD_RUNPATH_SEARCH_PATHS = (
					"$(inherited)",
					"@executable_path/Frameworks",
				);
				MARKETING_VERSION = 1.0;
				PRODUCT_BUNDLE_IDENTIFIER = com.devtolife.GameForFour;
				PRODUCT_NAME = "$(TARGET_NAME)";
				SWIFT_EMIT_LOC_STRINGS = YES;
				SWIFT_VERSION = 5.0;
				TARGETED_DEVICE_FAMILY = "1,2";
			};
			name = Release;
		};
/* End XCBuildConfiguration section */

/* Begin XCConfigurationList section */
		3FCDC16626FC64D900C07AE2 /* Build configuration list for PBXProject "GameForFour" */ = {
			isa = XCConfigurationList;
			buildConfigurations = (
				3FCDC17726FC64DB00C07AE2 /* Debug */,
				3FCDC17826FC64DB00C07AE2 /* Release */,
			);
			defaultConfigurationIsVisible = 0;
			defaultConfigurationName = Release;
		};
		3FCDC17926FC64DB00C07AE2 /* Build configuration list for PBXNativeTarget "GameForFour" */ = {
			isa = XCConfigurationList;
			buildConfigurations = (
				3FCDC17A26FC64DB00C07AE2 /* Debug */,
				3FCDC17B26FC64DB00C07AE2 /* Release */,
			);
			defaultConfigurationIsVisible = 0;
			defaultConfigurationName = Release;
		};
/* End XCConfigurationList section */
	};
	rootObject = 3FCDC16326FC64D900C07AE2 /* Project object */;
}
